// !$*UTF8*$!
{
	archiveVersion = 1;
	classes = {
	};
	objectVersion = 46;
	objects = {

/* Begin PBXBuildFile section */
		0FB2CC511AEB3FA488D0E21F /* Pods_InstaPhoto.framework in Frameworks */ = {isa = PBXBuildFile; fileRef = 3DC9E427D1AC8BF200DA51F3 /* Pods_InstaPhoto.framework */; };
		3565B93F9193D7BD9F156BF1 /* Pods_InstaPhotoUITests.framework in Frameworks */ = {isa = PBXBuildFile; fileRef = A78C5A8803D0AF3EB7D3373D /* Pods_InstaPhotoUITests.framework */; };
		DF892FEE28B8A76515A4BEE8 /* Pods_InstaPhotoTests.framework in Frameworks */ = {isa = PBXBuildFile; fileRef = 0871F449891E5D986D7D4F41 /* Pods_InstaPhotoTests.framework */; };
		FAA3911E1F02FD3F007552B4 /* AccountViewController.swift in Sources */ = {isa = PBXBuildFile; fileRef = FAA3911D1F02FD3F007552B4 /* AccountViewController.swift */; };
		FAA391201F03077F007552B4 /* AddPhotoViewController.swift in Sources */ = {isa = PBXBuildFile; fileRef = FAA3911F1F03077F007552B4 /* AddPhotoViewController.swift */; };
		FAA391231F0314EC007552B4 /* ProfileViewController.swift in Sources */ = {isa = PBXBuildFile; fileRef = FAA391221F0314EC007552B4 /* ProfileViewController.swift */; };
		FAA391251F033367007552B4 /* Post.swift in Sources */ = {isa = PBXBuildFile; fileRef = FAA391241F033367007552B4 /* Post.swift */; };
		FAA391271F034C8D007552B4 /* EditPhotoViewController.swift in Sources */ = {isa = PBXBuildFile; fileRef = FAA391261F034C8D007552B4 /* EditPhotoViewController.swift */; };
		FAA391291F040A3F007552B4 /* InstaPostTableViewCell.swift in Sources */ = {isa = PBXBuildFile; fileRef = FAA391281F040A3F007552B4 /* InstaPostTableViewCell.swift */; };
		FAA3912B1F046303007552B4 /* DetailViewController.swift in Sources */ = {isa = PBXBuildFile; fileRef = FAA3912A1F046303007552B4 /* DetailViewController.swift */; };
		FAA3912D1F057A18007552B4 /* CollectionPhotoCell.swift in Sources */ = {isa = PBXBuildFile; fileRef = FAA3912C1F057A18007552B4 /* CollectionPhotoCell.swift */; };
		FAA391331F05A4B1007552B4 /* ProfileHeader.swift in Sources */ = {isa = PBXBuildFile; fileRef = FAA391321F05A4B1007552B4 /* ProfileHeader.swift */; };
		FAB65E151F022E3F00FE3114 /* AppDelegate.swift in Sources */ = {isa = PBXBuildFile; fileRef = FAB65E141F022E3F00FE3114 /* AppDelegate.swift */; };
		FAB65E1A1F022E3F00FE3114 /* Main.storyboard in Resources */ = {isa = PBXBuildFile; fileRef = FAB65E181F022E3F00FE3114 /* Main.storyboard */; };
		FAB65E1C1F022E3F00FE3114 /* Assets.xcassets in Resources */ = {isa = PBXBuildFile; fileRef = FAB65E1B1F022E3F00FE3114 /* Assets.xcassets */; };
		FAB65E1F1F022E3F00FE3114 /* LaunchScreen.storyboard in Resources */ = {isa = PBXBuildFile; fileRef = FAB65E1D1F022E3F00FE3114 /* LaunchScreen.storyboard */; };
		FAB65E2A1F022E3F00FE3114 /* InstaPhotoTests.swift in Sources */ = {isa = PBXBuildFile; fileRef = FAB65E291F022E3F00FE3114 /* InstaPhotoTests.swift */; };
		FAB65E351F022E3F00FE3114 /* InstaPhotoUITests.swift in Sources */ = {isa = PBXBuildFile; fileRef = FAB65E341F022E3F00FE3114 /* InstaPhotoUITests.swift */; };
		FAB65E431F02309700FE3114 /* LoginViewController.swift in Sources */ = {isa = PBXBuildFile; fileRef = FAB65E421F02309700FE3114 /* LoginViewController.swift */; };
/* End PBXBuildFile section */

/* Begin PBXContainerItemProxy section */
		FAB65E261F022E3F00FE3114 /* PBXContainerItemProxy */ = {
			isa = PBXContainerItemProxy;
			containerPortal = FAB65E091F022E3F00FE3114 /* Project object */;
			proxyType = 1;
			remoteGlobalIDString = FAB65E101F022E3F00FE3114;
			remoteInfo = InstaPhoto;
		};
		FAB65E311F022E3F00FE3114 /* PBXContainerItemProxy */ = {
			isa = PBXContainerItemProxy;
			containerPortal = FAB65E091F022E3F00FE3114 /* Project object */;
			proxyType = 1;
			remoteGlobalIDString = FAB65E101F022E3F00FE3114;
			remoteInfo = InstaPhoto;
		};
/* End PBXContainerItemProxy section */

/* Begin PBXFileReference section */
		0871F449891E5D986D7D4F41 /* Pods_InstaPhotoTests.framework */ = {isa = PBXFileReference; explicitFileType = wrapper.framework; includeInIndex = 0; path = Pods_InstaPhotoTests.framework; sourceTree = BUILT_PRODUCTS_DIR; };
		3AB0AFF9B1D01379D041E610 /* Pods-InstaPhoto.debug.xcconfig */ = {isa = PBXFileReference; includeInIndex = 1; lastKnownFileType = text.xcconfig; name = "Pods-InstaPhoto.debug.xcconfig"; path = "Pods/Target Support Files/Pods-InstaPhoto/Pods-InstaPhoto.debug.xcconfig"; sourceTree = "<group>"; };
		3DC9E427D1AC8BF200DA51F3 /* Pods_InstaPhoto.framework */ = {isa = PBXFileReference; explicitFileType = wrapper.framework; includeInIndex = 0; path = Pods_InstaPhoto.framework; sourceTree = BUILT_PRODUCTS_DIR; };
		7BE56A72AF2C19B2EE221690 /* Pods-InstaPhotoTests.debug.xcconfig */ = {isa = PBXFileReference; includeInIndex = 1; lastKnownFileType = text.xcconfig; name = "Pods-InstaPhotoTests.debug.xcconfig"; path = "Pods/Target Support Files/Pods-InstaPhotoTests/Pods-InstaPhotoTests.debug.xcconfig"; sourceTree = "<group>"; };
		8A184C67523F476396B4E669 /* Pods-InstaPhoto.release.xcconfig */ = {isa = PBXFileReference; includeInIndex = 1; lastKnownFileType = text.xcconfig; name = "Pods-InstaPhoto.release.xcconfig"; path = "Pods/Target Support Files/Pods-InstaPhoto/Pods-InstaPhoto.release.xcconfig"; sourceTree = "<group>"; };
		A78C5A8803D0AF3EB7D3373D /* Pods_InstaPhotoUITests.framework */ = {isa = PBXFileReference; explicitFileType = wrapper.framework; includeInIndex = 0; path = Pods_InstaPhotoUITests.framework; sourceTree = BUILT_PRODUCTS_DIR; };
		A9FCE6246E43D8A924CBC9E9 /* Pods-InstaPhotoUITests.debug.xcconfig */ = {isa = PBXFileReference; includeInIndex = 1; lastKnownFileType = text.xcconfig; name = "Pods-InstaPhotoUITests.debug.xcconfig"; path = "Pods/Target Support Files/Pods-InstaPhotoUITests/Pods-InstaPhotoUITests.debug.xcconfig"; sourceTree = "<group>"; };
		B20A4695D38CB3DB99416308 /* Pods-InstaPhotoUITests.release.xcconfig */ = {isa = PBXFileReference; includeInIndex = 1; lastKnownFileType = text.xcconfig; name = "Pods-InstaPhotoUITests.release.xcconfig"; path = "Pods/Target Support Files/Pods-InstaPhotoUITests/Pods-InstaPhotoUITests.release.xcconfig"; sourceTree = "<group>"; };
		EA3E82ABBFC3C9D3A4A04D8A /* Pods-InstaPhotoTests.release.xcconfig */ = {isa = PBXFileReference; includeInIndex = 1; lastKnownFileType = text.xcconfig; name = "Pods-InstaPhotoTests.release.xcconfig"; path = "Pods/Target Support Files/Pods-InstaPhotoTests/Pods-InstaPhotoTests.release.xcconfig"; sourceTree = "<group>"; };
		FAA3911D1F02FD3F007552B4 /* AccountViewController.swift */ = {isa = PBXFileReference; fileEncoding = 4; lastKnownFileType = sourcecode.swift; path = AccountViewController.swift; sourceTree = "<group>"; wrapsLines = 1; };
		FAA3911F1F03077F007552B4 /* AddPhotoViewController.swift */ = {isa = PBXFileReference; fileEncoding = 4; lastKnownFileType = sourcecode.swift; path = AddPhotoViewController.swift; sourceTree = "<group>"; };
		FAA391221F0314EC007552B4 /* ProfileViewController.swift */ = {isa = PBXFileReference; fileEncoding = 4; lastKnownFileType = sourcecode.swift; path = ProfileViewController.swift; sourceTree = "<group>"; };
		FAA391241F033367007552B4 /* Post.swift */ = {isa = PBXFileReference; fileEncoding = 4; lastKnownFileType = sourcecode.swift; path = Post.swift; sourceTree = "<group>"; };
		FAA391261F034C8D007552B4 /* EditPhotoViewController.swift */ = {isa = PBXFileReference; fileEncoding = 4; lastKnownFileType = sourcecode.swift; path = EditPhotoViewController.swift; sourceTree = "<group>"; };
		FAA391281F040A3F007552B4 /* InstaPostTableViewCell.swift */ = {isa = PBXFileReference; fileEncoding = 4; lastKnownFileType = sourcecode.swift; path = InstaPostTableViewCell.swift; sourceTree = "<group>"; };
		FAA3912A1F046303007552B4 /* DetailViewController.swift */ = {isa = PBXFileReference; fileEncoding = 4; lastKnownFileType = sourcecode.swift; path = DetailViewController.swift; sourceTree = "<group>"; };
		FAA3912C1F057A18007552B4 /* CollectionPhotoCell.swift */ = {isa = PBXFileReference; fileEncoding = 4; lastKnownFileType = sourcecode.swift; path = CollectionPhotoCell.swift; sourceTree = "<group>"; };
		FAA391321F05A4B1007552B4 /* ProfileHeader.swift */ = {isa = PBXFileReference; fileEncoding = 4; lastKnownFileType = sourcecode.swift; path = ProfileHeader.swift; sourceTree = "<group>"; };
		FAB65E111F022E3F00FE3114 /* InstaPhoto.app */ = {isa = PBXFileReference; explicitFileType = wrapper.application; includeInIndex = 0; path = InstaPhoto.app; sourceTree = BUILT_PRODUCTS_DIR; };
		FAB65E141F022E3F00FE3114 /* AppDelegate.swift */ = {isa = PBXFileReference; lastKnownFileType = sourcecode.swift; path = AppDelegate.swift; sourceTree = "<group>"; };
		FAB65E191F022E3F00FE3114 /* Base */ = {isa = PBXFileReference; lastKnownFileType = file.storyboard; name = Base; path = Base.lproj/Main.storyboard; sourceTree = "<group>"; };
		FAB65E1B1F022E3F00FE3114 /* Assets.xcassets */ = {isa = PBXFileReference; lastKnownFileType = folder.assetcatalog; path = Assets.xcassets; sourceTree = "<group>"; };
		FAB65E1E1F022E3F00FE3114 /* Base */ = {isa = PBXFileReference; lastKnownFileType = file.storyboard; name = Base; path = Base.lproj/LaunchScreen.storyboard; sourceTree = "<group>"; };
		FAB65E201F022E3F00FE3114 /* Info.plist */ = {isa = PBXFileReference; lastKnownFileType = text.plist.xml; path = Info.plist; sourceTree = "<group>"; };
		FAB65E251F022E3F00FE3114 /* InstaPhotoTests.xctest */ = {isa = PBXFileReference; explicitFileType = wrapper.cfbundle; includeInIndex = 0; path = InstaPhotoTests.xctest; sourceTree = BUILT_PRODUCTS_DIR; };
		FAB65E291F022E3F00FE3114 /* InstaPhotoTests.swift */ = {isa = PBXFileReference; lastKnownFileType = sourcecode.swift; path = InstaPhotoTests.swift; sourceTree = "<group>"; };
		FAB65E2B1F022E3F00FE3114 /* Info.plist */ = {isa = PBXFileReference; lastKnownFileType = text.plist.xml; path = Info.plist; sourceTree = "<group>"; };
		FAB65E301F022E3F00FE3114 /* InstaPhotoUITests.xctest */ = {isa = PBXFileReference; explicitFileType = wrapper.cfbundle; includeInIndex = 0; path = InstaPhotoUITests.xctest; sourceTree = BUILT_PRODUCTS_DIR; };
		FAB65E341F022E3F00FE3114 /* InstaPhotoUITests.swift */ = {isa = PBXFileReference; lastKnownFileType = sourcecode.swift; path = InstaPhotoUITests.swift; sourceTree = "<group>"; };
		FAB65E361F022E3F00FE3114 /* Info.plist */ = {isa = PBXFileReference; lastKnownFileType = text.plist.xml; path = Info.plist; sourceTree = "<group>"; };
		FAB65E421F02309700FE3114 /* LoginViewController.swift */ = {isa = PBXFileReference; fileEncoding = 4; lastKnownFileType = sourcecode.swift; path = LoginViewController.swift; sourceTree = "<group>"; };
/* End PBXFileReference section */

/* Begin PBXFrameworksBuildPhase section */
		FAB65E0E1F022E3F00FE3114 /* Frameworks */ = {
			isa = PBXFrameworksBuildPhase;
			buildActionMask = 2147483647;
			files = (
				0FB2CC511AEB3FA488D0E21F /* Pods_InstaPhoto.framework in Frameworks */,
			);
			runOnlyForDeploymentPostprocessing = 0;
		};
		FAB65E221F022E3F00FE3114 /* Frameworks */ = {
			isa = PBXFrameworksBuildPhase;
			buildActionMask = 2147483647;
			files = (
				DF892FEE28B8A76515A4BEE8 /* Pods_InstaPhotoTests.framework in Frameworks */,
			);
			runOnlyForDeploymentPostprocessing = 0;
		};
		FAB65E2D1F022E3F00FE3114 /* Frameworks */ = {
			isa = PBXFrameworksBuildPhase;
			buildActionMask = 2147483647;
			files = (
				3565B93F9193D7BD9F156BF1 /* Pods_InstaPhotoUITests.framework in Frameworks */,
			);
			runOnlyForDeploymentPostprocessing = 0;
		};
/* End PBXFrameworksBuildPhase section */

/* Begin PBXGroup section */
		0FE61E445B868BF08EAB416A /* Pods */ = {
			isa = PBXGroup;
			children = (
				3AB0AFF9B1D01379D041E610 /* Pods-InstaPhoto.debug.xcconfig */,
				8A184C67523F476396B4E669 /* Pods-InstaPhoto.release.xcconfig */,
				7BE56A72AF2C19B2EE221690 /* Pods-InstaPhotoTests.debug.xcconfig */,
				EA3E82ABBFC3C9D3A4A04D8A /* Pods-InstaPhotoTests.release.xcconfig */,
				A9FCE6246E43D8A924CBC9E9 /* Pods-InstaPhotoUITests.debug.xcconfig */,
				B20A4695D38CB3DB99416308 /* Pods-InstaPhotoUITests.release.xcconfig */,
			);
			name = Pods;
			sourceTree = "<group>";
		};
		54A8A5B5CF6A10A0B5D1BFEB /* Frameworks */ = {
			isa = PBXGroup;
			children = (
				3DC9E427D1AC8BF200DA51F3 /* Pods_InstaPhoto.framework */,
				0871F449891E5D986D7D4F41 /* Pods_InstaPhotoTests.framework */,
				A78C5A8803D0AF3EB7D3373D /* Pods_InstaPhotoUITests.framework */,
			);
			name = Frameworks;
			sourceTree = "<group>";
		};
		FAA391211F030797007552B4 /* ViewControllers */ = {
			isa = PBXGroup;
			children = (
				FAA3911D1F02FD3F007552B4 /* AccountViewController.swift */,
				FAA3911F1F03077F007552B4 /* AddPhotoViewController.swift */,
				FAA391221F0314EC007552B4 /* ProfileViewController.swift */,
				FAB65E421F02309700FE3114 /* LoginViewController.swift */,
				FAA391261F034C8D007552B4 /* EditPhotoViewController.swift */,
				FAA3912A1F046303007552B4 /* DetailViewController.swift */,
			);
			name = ViewControllers;
			sourceTree = "<group>";
		};
		FAA3912F1F058100007552B4 /* Custom Cells */ = {
			isa = PBXGroup;
			children = (
				FAA3912C1F057A18007552B4 /* CollectionPhotoCell.swift */,
				FAA391281F040A3F007552B4 /* InstaPostTableViewCell.swift */,
				FAA391321F05A4B1007552B4 /* ProfileHeader.swift */,
			);
			name = "Custom Cells";
			sourceTree = "<group>";
		};
		FAB65E081F022E3F00FE3114 = {
			isa = PBXGroup;
			children = (
				FAB65E131F022E3F00FE3114 /* InstaPhoto */,
				FAB65E281F022E3F00FE3114 /* InstaPhotoTests */,
				FAB65E331F022E3F00FE3114 /* InstaPhotoUITests */,
				FAB65E121F022E3F00FE3114 /* Products */,
				0FE61E445B868BF08EAB416A /* Pods */,
				54A8A5B5CF6A10A0B5D1BFEB /* Frameworks */,
			);
			sourceTree = "<group>";
		};
		FAB65E121F022E3F00FE3114 /* Products */ = {
			isa = PBXGroup;
			children = (
				FAB65E111F022E3F00FE3114 /* InstaPhoto.app */,
				FAB65E251F022E3F00FE3114 /* InstaPhotoTests.xctest */,
				FAB65E301F022E3F00FE3114 /* InstaPhotoUITests.xctest */,
			);
			name = Products;
			sourceTree = "<group>";
		};
		FAB65E131F022E3F00FE3114 /* InstaPhoto */ = {
			isa = PBXGroup;
			children = (
				FAB65E181F022E3F00FE3114 /* Main.storyboard */,
				FAA391211F030797007552B4 /* ViewControllers */,
				FAA3912F1F058100007552B4 /* Custom Cells */,
				FAA391241F033367007552B4 /* Post.swift */,
				FAB65E141F022E3F00FE3114 /* AppDelegate.swift */,
				FAB65E1B1F022E3F00FE3114 /* Assets.xcassets */,
				FAB65E1D1F022E3F00FE3114 /* LaunchScreen.storyboard */,
				FAB65E201F022E3F00FE3114 /* Info.plist */,
			);
			path = InstaPhoto;
			sourceTree = "<group>";
		};
		FAB65E281F022E3F00FE3114 /* InstaPhotoTests */ = {
			isa = PBXGroup;
			children = (
				FAB65E291F022E3F00FE3114 /* InstaPhotoTests.swift */,
				FAB65E2B1F022E3F00FE3114 /* Info.plist */,
			);
			path = InstaPhotoTests;
			sourceTree = "<group>";
		};
		FAB65E331F022E3F00FE3114 /* InstaPhotoUITests */ = {
			isa = PBXGroup;
			children = (
				FAB65E341F022E3F00FE3114 /* InstaPhotoUITests.swift */,
				FAB65E361F022E3F00FE3114 /* Info.plist */,
			);
			path = InstaPhotoUITests;
			sourceTree = "<group>";
		};
/* End PBXGroup section */

/* Begin PBXNativeTarget section */
		FAB65E101F022E3F00FE3114 /* InstaPhoto */ = {
			isa = PBXNativeTarget;
			buildConfigurationList = FAB65E391F022E3F00FE3114 /* Build configuration list for PBXNativeTarget "InstaPhoto" */;
			buildPhases = (
				3E4CE46113B0640C12AF4EB7 /* [CP] Check Pods Manifest.lock */,
				FAB65E0D1F022E3F00FE3114 /* Sources */,
				FAB65E0E1F022E3F00FE3114 /* Frameworks */,
				FAB65E0F1F022E3F00FE3114 /* Resources */,
				8CAA481CF046CE1676FFC4D2 /* [CP] Embed Pods Frameworks */,
				4A7A19FEC20886B323E9BF53 /* [CP] Copy Pods Resources */,
			);
			buildRules = (
			);
			dependencies = (
			);
			name = InstaPhoto;
			productName = InstaPhoto;
			productReference = FAB65E111F022E3F00FE3114 /* InstaPhoto.app */;
			productType = "com.apple.product-type.application";
		};
		FAB65E241F022E3F00FE3114 /* InstaPhotoTests */ = {
			isa = PBXNativeTarget;
			buildConfigurationList = FAB65E3C1F022E3F00FE3114 /* Build configuration list for PBXNativeTarget "InstaPhotoTests" */;
			buildPhases = (
				E7997D84A96A9E081F51DCA3 /* [CP] Check Pods Manifest.lock */,
				FAB65E211F022E3F00FE3114 /* Sources */,
				FAB65E221F022E3F00FE3114 /* Frameworks */,
				FAB65E231F022E3F00FE3114 /* Resources */,
				F82D1B559B99D9118C6F1458 /* [CP] Embed Pods Frameworks */,
				E45223D2BCFF0105BC64B1A8 /* [CP] Copy Pods Resources */,
			);
			buildRules = (
			);
			dependencies = (
				FAB65E271F022E3F00FE3114 /* PBXTargetDependency */,
			);
			name = InstaPhotoTests;
			productName = InstaPhotoTests;
			productReference = FAB65E251F022E3F00FE3114 /* InstaPhotoTests.xctest */;
			productType = "com.apple.product-type.bundle.unit-test";
		};
		FAB65E2F1F022E3F00FE3114 /* InstaPhotoUITests */ = {
			isa = PBXNativeTarget;
			buildConfigurationList = FAB65E3F1F022E3F00FE3114 /* Build configuration list for PBXNativeTarget "InstaPhotoUITests" */;
			buildPhases = (
				B6A8B6DBB01FC778DB162EC1 /* [CP] Check Pods Manifest.lock */,
				FAB65E2C1F022E3F00FE3114 /* Sources */,
				FAB65E2D1F022E3F00FE3114 /* Frameworks */,
				FAB65E2E1F022E3F00FE3114 /* Resources */,
				95325F6DF14F2A5BD7EFF941 /* [CP] Embed Pods Frameworks */,
				937407ADD97C6E0E442D262B /* [CP] Copy Pods Resources */,
			);
			buildRules = (
			);
			dependencies = (
				FAB65E321F022E3F00FE3114 /* PBXTargetDependency */,
			);
			name = InstaPhotoUITests;
			productName = InstaPhotoUITests;
			productReference = FAB65E301F022E3F00FE3114 /* InstaPhotoUITests.xctest */;
			productType = "com.apple.product-type.bundle.ui-testing";
		};
/* End PBXNativeTarget section */

/* Begin PBXProject section */
		FAB65E091F022E3F00FE3114 /* Project object */ = {
			isa = PBXProject;
			attributes = {
				LastSwiftUpdateCheck = 0830;
				LastUpgradeCheck = 0830;
				ORGANIZATIONNAME = "Isabella Teng";
				TargetAttributes = {
					FAB65E101F022E3F00FE3114 = {
						CreatedOnToolsVersion = 8.3.2;
						DevelopmentTeam = NF7K8Y2LMW;
						ProvisioningStyle = Automatic;
					};
					FAB65E241F022E3F00FE3114 = {
						CreatedOnToolsVersion = 8.3.2;
						ProvisioningStyle = Automatic;
						TestTargetID = FAB65E101F022E3F00FE3114;
					};
					FAB65E2F1F022E3F00FE3114 = {
						CreatedOnToolsVersion = 8.3.2;
						ProvisioningStyle = Automatic;
						TestTargetID = FAB65E101F022E3F00FE3114;
					};
				};
			};
			buildConfigurationList = FAB65E0C1F022E3F00FE3114 /* Build configuration list for PBXProject "Instaphoto" */;
			compatibilityVersion = "Xcode 3.2";
			developmentRegion = English;
			hasScannedForEncodings = 0;
			knownRegions = (
				en,
				Base,
			);
			mainGroup = FAB65E081F022E3F00FE3114;
			productRefGroup = FAB65E121F022E3F00FE3114 /* Products */;
			projectDirPath = "";
			projectRoot = "";
			targets = (
				FAB65E101F022E3F00FE3114 /* InstaPhoto */,
				FAB65E241F022E3F00FE3114 /* InstaPhotoTests */,
				FAB65E2F1F022E3F00FE3114 /* InstaPhotoUITests */,
			);
		};
/* End PBXProject section */

/* Begin PBXResourcesBuildPhase section */
		FAB65E0F1F022E3F00FE3114 /* Resources */ = {
			isa = PBXResourcesBuildPhase;
			buildActionMask = 2147483647;
			files = (
				FAB65E1F1F022E3F00FE3114 /* LaunchScreen.storyboard in Resources */,
				FAB65E1C1F022E3F00FE3114 /* Assets.xcassets in Resources */,
				FAB65E1A1F022E3F00FE3114 /* Main.storyboard in Resources */,
			);
			runOnlyForDeploymentPostprocessing = 0;
		};
		FAB65E231F022E3F00FE3114 /* Resources */ = {
			isa = PBXResourcesBuildPhase;
			buildActionMask = 2147483647;
			files = (
			);
			runOnlyForDeploymentPostprocessing = 0;
		};
		FAB65E2E1F022E3F00FE3114 /* Resources */ = {
			isa = PBXResourcesBuildPhase;
			buildActionMask = 2147483647;
			files = (
			);
			runOnlyForDeploymentPostprocessing = 0;
		};
/* End PBXResourcesBuildPhase section */

/* Begin PBXShellScriptBuildPhase section */
		3E4CE46113B0640C12AF4EB7 /* [CP] Check Pods Manifest.lock */ = {
			isa = PBXShellScriptBuildPhase;
			buildActionMask = 2147483647;
			files = (
			);
			inputPaths = (
			);
			name = "[CP] Check Pods Manifest.lock";
			outputPaths = (
			);
			runOnlyForDeploymentPostprocessing = 0;
			shellPath = /bin/sh;
			shellScript = "diff \"${PODS_PODFILE_DIR_PATH}/Podfile.lock\" \"${PODS_ROOT}/Manifest.lock\" > /dev/null\nif [ $? != 0 ] ; then\n    # print error to STDERR\n    echo \"error: The sandbox is not in sync with the Podfile.lock. Run 'pod install' or update your CocoaPods installation.\" >&2\n    exit 1\nfi\n";
			showEnvVarsInLog = 0;
		};
		4A7A19FEC20886B323E9BF53 /* [CP] Copy Pods Resources */ = {
			isa = PBXShellScriptBuildPhase;
			buildActionMask = 2147483647;
			files = (
			);
			inputPaths = (
			);
			name = "[CP] Copy Pods Resources";
			outputPaths = (
			);
			runOnlyForDeploymentPostprocessing = 0;
			shellPath = /bin/sh;
			shellScript = "\"${SRCROOT}/Pods/Target Support Files/Pods-InstaPhoto/Pods-InstaPhoto-resources.sh\"\n";
			showEnvVarsInLog = 0;
		};
		8CAA481CF046CE1676FFC4D2 /* [CP] Embed Pods Frameworks */ = {
			isa = PBXShellScriptBuildPhase;
			buildActionMask = 2147483647;
			files = (
			);
			inputPaths = (
			);
			name = "[CP] Embed Pods Frameworks";
			outputPaths = (
			);
			runOnlyForDeploymentPostprocessing = 0;
			shellPath = /bin/sh;
			shellScript = "\"${SRCROOT}/Pods/Target Support Files/Pods-InstaPhoto/Pods-InstaPhoto-frameworks.sh\"\n";
			showEnvVarsInLog = 0;
		};
		937407ADD97C6E0E442D262B /* [CP] Copy Pods Resources */ = {
			isa = PBXShellScriptBuildPhase;
			buildActionMask = 2147483647;
			files = (
			);
			inputPaths = (
			);
			name = "[CP] Copy Pods Resources";
			outputPaths = (
			);
			runOnlyForDeploymentPostprocessing = 0;
			shellPath = /bin/sh;
			shellScript = "\"${SRCROOT}/Pods/Target Support Files/Pods-InstaPhotoUITests/Pods-InstaPhotoUITests-resources.sh\"\n";
			showEnvVarsInLog = 0;
		};
		95325F6DF14F2A5BD7EFF941 /* [CP] Embed Pods Frameworks */ = {
			isa = PBXShellScriptBuildPhase;
			buildActionMask = 2147483647;
			files = (
			);
			inputPaths = (
			);
			name = "[CP] Embed Pods Frameworks";
			outputPaths = (
			);
			runOnlyForDeploymentPostprocessing = 0;
			shellPath = /bin/sh;
			shellScript = "\"${SRCROOT}/Pods/Target Support Files/Pods-InstaPhotoUITests/Pods-InstaPhotoUITests-frameworks.sh\"\n";
			showEnvVarsInLog = 0;
		};
		B6A8B6DBB01FC778DB162EC1 /* [CP] Check Pods Manifest.lock */ = {
			isa = PBXShellScriptBuildPhase;
			buildActionMask = 2147483647;
			files = (
			);
			inputPaths = (
			);
			name = "[CP] Check Pods Manifest.lock";
			outputPaths = (
			);
			runOnlyForDeploymentPostprocessing = 0;
			shellPath = /bin/sh;
			shellScript = "diff \"${PODS_PODFILE_DIR_PATH}/Podfile.lock\" \"${PODS_ROOT}/Manifest.lock\" > /dev/null\nif [ $? != 0 ] ; then\n    # print error to STDERR\n    echo \"error: The sandbox is not in sync with the Podfile.lock. Run 'pod install' or update your CocoaPods installation.\" >&2\n    exit 1\nfi\n";
			showEnvVarsInLog = 0;
		};
		E45223D2BCFF0105BC64B1A8 /* [CP] Copy Pods Resources */ = {
			isa = PBXShellScriptBuildPhase;
			buildActionMask = 2147483647;
			files = (
			);
			inputPaths = (
			);
			name = "[CP] Copy Pods Resources";
			outputPaths = (
			);
			runOnlyForDeploymentPostprocessing = 0;
			shellPath = /bin/sh;
			shellScript = "\"${SRCROOT}/Pods/Target Support Files/Pods-InstaPhotoTests/Pods-InstaPhotoTests-resources.sh\"\n";
			showEnvVarsInLog = 0;
		};
		E7997D84A96A9E081F51DCA3 /* [CP] Check Pods Manifest.lock */ = {
			isa = PBXShellScriptBuildPhase;
			buildActionMask = 2147483647;
			files = (
			);
			inputPaths = (
			);
			name = "[CP] Check Pods Manifest.lock";
			outputPaths = (
			);
			runOnlyForDeploymentPostprocessing = 0;
			shellPath = /bin/sh;
			shellScript = "diff \"${PODS_PODFILE_DIR_PATH}/Podfile.lock\" \"${PODS_ROOT}/Manifest.lock\" > /dev/null\nif [ $? != 0 ] ; then\n    # print error to STDERR\n    echo \"error: The sandbox is not in sync with the Podfile.lock. Run 'pod install' or update your CocoaPods installation.\" >&2\n    exit 1\nfi\n";
			showEnvVarsInLog = 0;
		};
		F82D1B559B99D9118C6F1458 /* [CP] Embed Pods Frameworks */ = {
			isa = PBXShellScriptBuildPhase;
			buildActionMask = 2147483647;
			files = (
			);
			inputPaths = (
			);
			name = "[CP] Embed Pods Frameworks";
			outputPaths = (
			);
			runOnlyForDeploymentPostprocessing = 0;
			shellPath = /bin/sh;
			shellScript = "\"${SRCROOT}/Pods/Target Support Files/Pods-InstaPhotoTests/Pods-InstaPhotoTests-frameworks.sh\"\n";
			showEnvVarsInLog = 0;
		};
/* End PBXShellScriptBuildPhase section */

/* Begin PBXSourcesBuildPhase section */
		FAB65E0D1F022E3F00FE3114 /* Sources */ = {
			isa = PBXSourcesBuildPhase;
			buildActionMask = 2147483647;
			files = (
				FAA3912B1F046303007552B4 /* DetailViewController.swift in Sources */,
				FAB65E431F02309700FE3114 /* LoginViewController.swift in Sources */,
				FAA3912D1F057A18007552B4 /* CollectionPhotoCell.swift in Sources */,
				FAA391201F03077F007552B4 /* AddPhotoViewController.swift in Sources */,
				FAA391231F0314EC007552B4 /* ProfileViewController.swift in Sources */,
				FAA391271F034C8D007552B4 /* EditPhotoViewController.swift in Sources */,
				FAA391251F033367007552B4 /* Post.swift in Sources */,
				FAA3911E1F02FD3F007552B4 /* AccountViewController.swift in Sources */,
				FAB65E151F022E3F00FE3114 /* AppDelegate.swift in Sources */,
				FAA391291F040A3F007552B4 /* InstaPostTableViewCell.swift in Sources */,
				FAA391331F05A4B1007552B4 /* ProfileHeader.swift in Sources */,
			);
			runOnlyForDeploymentPostprocessing = 0;
		};
		FAB65E211F022E3F00FE3114 /* Sources */ = {
			isa = PBXSourcesBuildPhase;
			buildActionMask = 2147483647;
			files = (
				FAB65E2A1F022E3F00FE3114 /* InstaPhotoTests.swift in Sources */,
			);
			runOnlyForDeploymentPostprocessing = 0;
		};
		FAB65E2C1F022E3F00FE3114 /* Sources */ = {
			isa = PBXSourcesBuildPhase;
			buildActionMask = 2147483647;
			files = (
				FAB65E351F022E3F00FE3114 /* InstaPhotoUITests.swift in Sources */,
			);
			runOnlyForDeploymentPostprocessing = 0;
		};
/* End PBXSourcesBuildPhase section */

/* Begin PBXTargetDependency section */
		FAB65E271F022E3F00FE3114 /* PBXTargetDependency */ = {
			isa = PBXTargetDependency;
			target = FAB65E101F022E3F00FE3114 /* InstaPhoto */;
			targetProxy = FAB65E261F022E3F00FE3114 /* PBXContainerItemProxy */;
		};
		FAB65E321F022E3F00FE3114 /* PBXTargetDependency */ = {
			isa = PBXTargetDependency;
			target = FAB65E101F022E3F00FE3114 /* InstaPhoto */;
			targetProxy = FAB65E311F022E3F00FE3114 /* PBXContainerItemProxy */;
		};
/* End PBXTargetDependency section */

/* Begin PBXVariantGroup section */
		FAB65E181F022E3F00FE3114 /* Main.storyboard */ = {
			isa = PBXVariantGroup;
			children = (
				FAB65E191F022E3F00FE3114 /* Base */,
			);
			name = Main.storyboard;
			sourceTree = "<group>";
		};
		FAB65E1D1F022E3F00FE3114 /* LaunchScreen.storyboard */ = {
			isa = PBXVariantGroup;
			children = (
				FAB65E1E1F022E3F00FE3114 /* Base */,
			);
			name = LaunchScreen.storyboard;
			sourceTree = "<group>";
		};
/* End PBXVariantGroup section */

/* Begin XCBuildConfiguration section */
		FAB65E371F022E3F00FE3114 /* Debug */ = {
			isa = XCBuildConfiguration;
			buildSettings = {
				ALWAYS_SEARCH_USER_PATHS = NO;
				CLANG_ANALYZER_NONNULL = YES;
				CLANG_ANALYZER_NUMBER_OBJECT_CONVERSION = YES_AGGRESSIVE;
				CLANG_CXX_LANGUAGE_STANDARD = "gnu++0x";
				CLANG_CXX_LIBRARY = "libc++";
				CLANG_ENABLE_MODULES = YES;
				CLANG_ENABLE_OBJC_ARC = YES;
				CLANG_WARN_BOOL_CONVERSION = YES;
				CLANG_WARN_CONSTANT_CONVERSION = YES;
				CLANG_WARN_DIRECT_OBJC_ISA_USAGE = YES_ERROR;
				CLANG_WARN_DOCUMENTATION_COMMENTS = YES;
				CLANG_WARN_EMPTY_BODY = YES;
				CLANG_WARN_ENUM_CONVERSION = YES;
				CLANG_WARN_INFINITE_RECURSION = YES;
				CLANG_WARN_INT_CONVERSION = YES;
				CLANG_WARN_OBJC_ROOT_CLASS = YES_ERROR;
				CLANG_WARN_SUSPICIOUS_MOVE = YES;
				CLANG_WARN_UNREACHABLE_CODE = YES;
				CLANG_WARN__DUPLICATE_METHOD_MATCH = YES;
				"CODE_SIGN_IDENTITY[sdk=iphoneos*]" = "iPhone Developer";
				COPY_PHASE_STRIP = NO;
				DEBUG_INFORMATION_FORMAT = dwarf;
				ENABLE_STRICT_OBJC_MSGSEND = YES;
				ENABLE_TESTABILITY = YES;
				GCC_C_LANGUAGE_STANDARD = gnu99;
				GCC_DYNAMIC_NO_PIC = NO;
				GCC_NO_COMMON_BLOCKS = YES;
				GCC_OPTIMIZATION_LEVEL = 0;
				GCC_PREPROCESSOR_DEFINITIONS = (
					"DEBUG=1",
					"$(inherited)",
				);
				GCC_WARN_64_TO_32_BIT_CONVERSION = YES;
				GCC_WARN_ABOUT_RETURN_TYPE = YES_ERROR;
				GCC_WARN_UNDECLARED_SELECTOR = YES;
				GCC_WARN_UNINITIALIZED_AUTOS = YES_AGGRESSIVE;
				GCC_WARN_UNUSED_FUNCTION = YES;
				GCC_WARN_UNUSED_VARIABLE = YES;
				IPHONEOS_DEPLOYMENT_TARGET = 10.3;
				MTL_ENABLE_DEBUG_INFO = YES;
				ONLY_ACTIVE_ARCH = YES;
				SDKROOT = iphoneos;
				SWIFT_ACTIVE_COMPILATION_CONDITIONS = DEBUG;
				SWIFT_OPTIMIZATION_LEVEL = "-Onone";
				TARGETED_DEVICE_FAMILY = "1,2";
			};
			name = Debug;
		};
		FAB65E381F022E3F00FE3114 /* Release */ = {
			isa = XCBuildConfiguration;
			buildSettings = {
				ALWAYS_SEARCH_USER_PATHS = NO;
				CLANG_ANALYZER_NONNULL = YES;
				CLANG_ANALYZER_NUMBER_OBJECT_CONVERSION = YES_AGGRESSIVE;
				CLANG_CXX_LANGUAGE_STANDARD = "gnu++0x";
				CLANG_CXX_LIBRARY = "libc++";
				CLANG_ENABLE_MODULES = YES;
				CLANG_ENABLE_OBJC_ARC = YES;
				CLANG_WARN_BOOL_CONVERSION = YES;
				CLANG_WARN_CONSTANT_CONVERSION = YES;
				CLANG_WARN_DIRECT_OBJC_ISA_USAGE = YES_ERROR;
				CLANG_WARN_DOCUMENTATION_COMMENTS = YES;
				CLANG_WARN_EMPTY_BODY = YES;
				CLANG_WARN_ENUM_CONVERSION = YES;
				CLANG_WARN_INFINITE_RECURSION = YES;
				CLANG_WARN_INT_CONVERSION = YES;
				CLANG_WARN_OBJC_ROOT_CLASS = YES_ERROR;
				CLANG_WARN_SUSPICIOUS_MOVE = YES;
				CLANG_WARN_UNREACHABLE_CODE = YES;
				CLANG_WARN__DUPLICATE_METHOD_MATCH = YES;
				"CODE_SIGN_IDENTITY[sdk=iphoneos*]" = "iPhone Developer";
				COPY_PHASE_STRIP = NO;
				DEBUG_INFORMATION_FORMAT = "dwarf-with-dsym";
				ENABLE_NS_ASSERTIONS = NO;
				ENABLE_STRICT_OBJC_MSGSEND = YES;
				GCC_C_LANGUAGE_STANDARD = gnu99;
				GCC_NO_COMMON_BLOCKS = YES;
				GCC_WARN_64_TO_32_BIT_CONVERSION = YES;
				GCC_WARN_ABOUT_RETURN_TYPE = YES_ERROR;
				GCC_WARN_UNDECLARED_SELECTOR = YES;
				GCC_WARN_UNINITIALIZED_AUTOS = YES_AGGRESSIVE;
				GCC_WARN_UNUSED_FUNCTION = YES;
				GCC_WARN_UNUSED_VARIABLE = YES;
				IPHONEOS_DEPLOYMENT_TARGET = 10.3;
				MTL_ENABLE_DEBUG_INFO = NO;
				SDKROOT = iphoneos;
				SWIFT_OPTIMIZATION_LEVEL = "-Owholemodule";
				TARGETED_DEVICE_FAMILY = "1,2";
				VALIDATE_PRODUCT = YES;
			};
			name = Release;
		};
		FAB65E3A1F022E3F00FE3114 /* Debug */ = {
			isa = XCBuildConfiguration;
			baseConfigurationReference = 3AB0AFF9B1D01379D041E610 /* Pods-InstaPhoto.debug.xcconfig */;
			buildSettings = {
				ASSETCATALOG_COMPILER_APPICON_NAME = AppIcon;
				DEVELOPMENT_TEAM = NF7K8Y2LMW;
				INFOPLIST_FILE = InstaPhoto/Info.plist;
				LD_RUNPATH_SEARCH_PATHS = "$(inherited) @executable_path/Frameworks";
				PRODUCT_BUNDLE_IDENTIFIER = com.isabella.InstaPhoto;
				PRODUCT_NAME = "$(TARGET_NAME)";
				SWIFT_VERSION = 3.0;
			};
			name = Debug;
		};
		FAB65E3B1F022E3F00FE3114 /* Release */ = {
			isa = XCBuildConfiguration;
			baseConfigurationReference = 8A184C67523F476396B4E669 /* Pods-InstaPhoto.release.xcconfig */;
			buildSettings = {
				ASSETCATALOG_COMPILER_APPICON_NAME = AppIcon;
				DEVELOPMENT_TEAM = NF7K8Y2LMW;
				INFOPLIST_FILE = InstaPhoto/Info.plist;
				LD_RUNPATH_SEARCH_PATHS = "$(inherited) @executable_path/Frameworks";
				PRODUCT_BUNDLE_IDENTIFIER = com.isabella.InstaPhoto;
				PRODUCT_NAME = "$(TARGET_NAME)";
				SWIFT_VERSION = 3.0;
			};
			name = Release;
		};
		FAB65E3D1F022E3F00FE3114 /* Debug */ = {
			isa = XCBuildConfiguration;
			baseConfigurationReference = 7BE56A72AF2C19B2EE221690 /* Pods-InstaPhotoTests.debug.xcconfig */;
			buildSettings = {
				ALWAYS_EMBED_SWIFT_STANDARD_LIBRARIES = YES;
				BUNDLE_LOADER = "$(TEST_HOST)";
				INFOPLIST_FILE = InstaPhotoTests/Info.plist;
				LD_RUNPATH_SEARCH_PATHS = "$(inherited) @executable_path/Frameworks @loader_path/Frameworks";
				PRODUCT_BUNDLE_IDENTIFIER = com.isabella.InstaPhotoTests;
				PRODUCT_NAME = "$(TARGET_NAME)";
				SWIFT_VERSION = 3.0;
				TEST_HOST = "$(BUILT_PRODUCTS_DIR)/Instaphoto.temp_caseinsensitive_rename.app/Instaphoto.temp_caseinsensitive_rename";
			};
			name = Debug;
		};
		FAB65E3E1F022E3F00FE3114 /* Release */ = {
			isa = XCBuildConfiguration;
			baseConfigurationReference = EA3E82ABBFC3C9D3A4A04D8A /* Pods-InstaPhotoTests.release.xcconfig */;
			buildSettings = {
				ALWAYS_EMBED_SWIFT_STANDARD_LIBRARIES = YES;
				BUNDLE_LOADER = "$(TEST_HOST)";
				INFOPLIST_FILE = InstaPhotoTests/Info.plist;
				LD_RUNPATH_SEARCH_PATHS = "$(inherited) @executable_path/Frameworks @loader_path/Frameworks";
				PRODUCT_BUNDLE_IDENTIFIER = com.isabella.InstaPhotoTests;
				PRODUCT_NAME = "$(TARGET_NAME)";
				SWIFT_VERSION = 3.0;
				TEST_HOST = "$(BUILT_PRODUCTS_DIR)/Instaphoto.temp_caseinsensitive_rename.app/Instaphoto.temp_caseinsensitive_rename";
			};
			name = Release;
		};
		FAB65E401F022E3F00FE3114 /* Debug */ = {
			isa = XCBuildConfiguration;
			baseConfigurationReference = A9FCE6246E43D8A924CBC9E9 /* Pods-InstaPhotoUITests.debug.xcconfig */;
			buildSettings = {
				ALWAYS_EMBED_SWIFT_STANDARD_LIBRARIES = YES;
				INFOPLIST_FILE = InstaPhotoUITests/Info.plist;
				LD_RUNPATH_SEARCH_PATHS = "$(inherited) @executable_path/Frameworks @loader_path/Frameworks";
				PRODUCT_BUNDLE_IDENTIFIER = com.isabella.InstaPhotoUITests;
				PRODUCT_NAME = "$(TARGET_NAME)";
				SWIFT_VERSION = 3.0;
				TEST_TARGET_NAME = InstaPhoto;
			};
			name = Debug;
		};
		FAB65E411F022E3F00FE3114 /* Release */ = {
			isa = XCBuildConfiguration;
			baseConfigurationReference = B20A4695D38CB3DB99416308 /* Pods-InstaPhotoUITests.release.xcconfig */;
			buildSettings = {
				ALWAYS_EMBED_SWIFT_STANDARD_LIBRARIES = YES;
				INFOPLIST_FILE = InstaPhotoUITests/Info.plist;
				LD_RUNPATH_SEARCH_PATHS = "$(inherited) @executable_path/Frameworks @loader_path/Frameworks";
				PRODUCT_BUNDLE_IDENTIFIER = com.isabella.InstaPhotoUITests;
				PRODUCT_NAME = "$(TARGET_NAME)";
				SWIFT_VERSION = 3.0;
				TEST_TARGET_NAME = InstaPhoto;
			};
			name = Release;
		};
/* End XCBuildConfiguration section */

/* Begin XCConfigurationList section */
		FAB65E0C1F022E3F00FE3114 /* Build configuration list for PBXProject "Instaphoto" */ = {
			isa = XCConfigurationList;
			buildConfigurations = (
				FAB65E371F022E3F00FE3114 /* Debug */,
				FAB65E381F022E3F00FE3114 /* Release */,
			);
			defaultConfigurationIsVisible = 0;
			defaultConfigurationName = Release;
		};
		FAB65E391F022E3F00FE3114 /* Build configuration list for PBXNativeTarget "InstaPhoto" */ = {
			isa = XCConfigurationList;
			buildConfigurations = (
				FAB65E3A1F022E3F00FE3114 /* Debug */,
				FAB65E3B1F022E3F00FE3114 /* Release */,
			);
			defaultConfigurationIsVisible = 0;
			defaultConfigurationName = Release;
		};
		FAB65E3C1F022E3F00FE3114 /* Build configuration list for PBXNativeTarget "InstaPhotoTests" */ = {
			isa = XCConfigurationList;
			buildConfigurations = (
				FAB65E3D1F022E3F00FE3114 /* Debug */,
				FAB65E3E1F022E3F00FE3114 /* Release */,
			);
			defaultConfigurationIsVisible = 0;
			defaultConfigurationName = Release;
		};
		FAB65E3F1F022E3F00FE3114 /* Build configuration list for PBXNativeTarget "InstaPhotoUITests" */ = {
			isa = XCConfigurationList;
			buildConfigurations = (
				FAB65E401F022E3F00FE3114 /* Debug */,
				FAB65E411F022E3F00FE3114 /* Release */,
			);
			defaultConfigurationIsVisible = 0;
			defaultConfigurationName = Release;
		};
/* End XCConfigurationList section */
	};
	rootObject = FAB65E091F022E3F00FE3114 /* Project object */;
}
